{
  "requires": true,
  "lockfileVersion": 1,
  "dependencies": {
    "node-kmeans": {
      "version": "1.1.9",
      "resolved": "https://registry.npmjs.org/node-kmeans/-/node-kmeans-1.1.9.tgz",
      "integrity": "sha512-qZiuD4ab4cvsSWQSccWzLb4j1cHlm6wjGiWrbhCPZweVzpfcWBQ2CMqK4YBtJJ3OhK27NkZ1PKiLlZ52Z///cQ==",
      "requires": {
        "underscore": "^1.9.1"
      }
    },
    "underscore": {
      "version": "1.9.1",
      "resolved": "https://registry.npmjs.org/underscore/-/underscore-1.9.1.tgz",
      "integrity": "sha512-5/4etnCkd9c8gwgowi5/om/mYO5ajCaOgdzj/oW+0eQV9WxKBDZw5+ycmKmeaTXjInS/W0BzpGLo2xR2aBwZdg=="
    }
  }
}
